
Microsoft Visual Studio Solution File, Format Version 12.00
# Visual Studio Version 17
VisualStudioVersion = 17.14.36121.58 d17.14
MinimumVisualStudioVersion = 10.0.40219.1
Project("{2150E333-8FDC-42A3-9474-1A3956D46DE8}") = "API", "API", "{02EA681E-C7D8-13C7-8484-4AC65E1B71E8}"
EndProject
Project("{2150E333-8FDC-42A3-9474-1A3956D46DE8}") = "ConsoleProj", "ConsoleProj", "{E8B24FF8-C478-4A83-8A3A-8BBA31EE4687}"
EndProject
Project("{FAE04EC0-301F-11D3-BF4B-00C04F79EFBC}") = "SemanticTesting", "WebAPI\SemanticTesting\SemanticTesting.csproj", "{54F382AD-9AA4-4D14-9569-5A5BF0A59794}"
EndProject
Global
	GlobalSection(SolutionConfigurationPlatforms) = preSolution
		Debug|Any CPU = Debug|Any CPU
		Release|Any CPU = Release|Any CPU
	EndGlobalSection
	GlobalSection(ProjectConfigurationPlatforms) = postSolution
		{54F382AD-9AA4-4D14-9569-5A5BF0A59794}.Debug|Any CPU.ActiveCfg = Debug|Any CPU
		{54F382AD-9AA4-4D14-9569-5A5BF0A59794}.Debug|Any CPU.Build.0 = Debug|Any CPU
		{54F382AD-9AA4-4D14-9569-5A5BF0A59794}.Release|Any CPU.ActiveCfg = Release|Any CPU
		{54F382AD-9AA4-4D14-9569-5A5BF0A59794}.Release|Any CPU.Build.0 = Release|Any CPU
	EndGlobalSection
	GlobalSection(SolutionProperties) = preSolution
		HideSolutionNode = FALSE
	EndGlobalSection
	GlobalSection(NestedProjects) = preSolution
		{54F382AD-9AA4-4D14-9569-5A5BF0A59794} = {02EA681E-C7D8-13C7-8484-4AC65E1B71E8}
	EndGlobalSection
	GlobalSection(ExtensibilityGlobals) = postSolution
		SolutionGuid = {5577EE28-6827-4C16-BA12-097817B5D389}
	EndGlobalSection
EndGlobal
